<?xml version="1.0" encoding="utf-8"?>
<Project ToolsVersion="4.0" xmlns="http://schemas.microsoft.com/developer/msbuild/2003">
  <ItemGroup>
    <Filter Include="src">
      <UniqueIdentifier>{8739be32-f862-44a0-96f2-1c240e2f9b61}</UniqueIdentifier>
    </Filter>
  </ItemGroup>
  <ItemGroup>
    <ClInclude Include="..\..\OpenBWAPI4JBridge\BridgeEnum.h">
      <Filter>src</Filter>
    </ClInclude>
    <ClInclude Include="..\..\OpenBWAPI4JBridge\BridgeMap.h">
      <Filter>src</Filter>
    </ClInclude>
    <ClInclude Include="..\..\OpenBWAPI4JBridge\So.h">
      <Filter>src</Filter>
    </ClInclude>
  </ItemGroup>
  <ItemGroup>
    <ClCompile Include="..\..\OpenBWAPI4JBridge\BridgeEnum.cpp">
      <Filter>src</Filter>
    </ClCompile>
    <ClCompile Include="..\..\OpenBWAPI4JBridge\BridgeMap.cpp">
      <Filter>src</Filter>
    </ClCompile>
    <ClCompile Include="..\..\OpenBWAPI4JBridge\DamageEvaluator.cpp">
      <Filter>src</Filter>
    </ClCompile>
    <ClCompile Include="..\..\OpenBWAPI4JBridge\InteractionHandler.cpp">
      <Filter>src</Filter>
    </ClCompile>
    <ClCompile Include="..\..\OpenBWAPI4JBridge\MapDrawer.cpp">
      <Filter>src</Filter>
    </ClCompile>
    <ClCompile Include="..\..\OpenBWAPI4JBridge\Unit.cpp">
      <Filter>src</Filter>
    </ClCompile>
    <ClCompile Include="..\..\OpenBWAPI4JBridge\So.cpp">
      <Filter>src</Filter>
    </ClCompile>
    <ClCompile Include="..\..\OpenBWAPI4JBridge\BWTA.cpp">
      <Filter>src</Filter>
    </ClCompile>
  </ItemGroup>
</Project>