<?xml version="1.0" encoding="utf-8"?>
<Project ToolsVersion="4.0" xmlns="http://schemas.microsoft.com/developer/msbuild/2003">
  <ItemGroup>
    <Filter Include="BWTA">
      <UniqueIdentifier>{06c469df-118b-429f-bb12-34aa155ee3e7}</UniqueIdentifier>
    </Filter>
    <Filter Include="BWAPI">
      <UniqueIdentifier>{bf49e1cd-147f-420f-b79a-da3a0ac9f38d}</UniqueIdentifier>
    </Filter>
    <Filter Include="BWAPI\Client">
      <UniqueIdentifier>{9208d0b3-c8e6-43f7-b368-074468d1b068}</UniqueIdentifier>
    </Filter>
    <Filter Include="OpenBWAPI4JBridge">
      <UniqueIdentifier>{8739be32-f862-44a0-96f2-1c240e2f9b61}</UniqueIdentifier>
    </Filter>
    <Filter Include="BWAPI4JBridge">
      <UniqueIdentifier>{678b5db1-99f2-40f5-834b-cfc814198a9b}</UniqueIdentifier>
    </Filter>
  </ItemGroup>
  <ItemGroup>
    <Text Include="ReadMe.txt" />
  </ItemGroup>
  <ItemGroup>
    <ClInclude Include="BWTA\BaseLocation.h">
      <Filter>BWTA</Filter>
    </ClInclude>
    <ClInclude Include="BWTA\Chokepoint.h">
      <Filter>BWTA</Filter>
    </ClInclude>
    <ClInclude Include="BWTA\Polygon.h">
      <Filter>BWTA</Filter>
    </ClInclude>
    <ClInclude Include="BWTA\RectangleArray.h">
      <Filter>BWTA</Filter>
    </ClInclude>
    <ClInclude Include="BWTA\Region.h">
      <Filter>BWTA</Filter>
    </ClInclude>
    <ClInclude Include="BWAPI\WindowsTypes.h">
      <Filter>BWAPI</Filter>
    </ClInclude>
    <ClInclude Include="BWAPI\AIModule.h">
      <Filter>BWAPI</Filter>
    </ClInclude>
    <ClInclude Include="BWAPI\ArithmaticFilter.h">
      <Filter>BWAPI</Filter>
    </ClInclude>
    <ClInclude Include="BWAPI\BestFilter.h">
      <Filter>BWAPI</Filter>
    </ClInclude>
    <ClInclude Include="BWAPI\Bullet.h">
      <Filter>BWAPI</Filter>
    </ClInclude>
    <ClInclude Include="BWAPI\Bulletset.h">
      <Filter>BWAPI</Filter>
    </ClInclude>
    <ClInclude Include="BWAPI\BulletType.h">
      <Filter>BWAPI</Filter>
    </ClInclude>
    <ClInclude Include="BWAPI.h">
      <Filter>BWAPI</Filter>
    </ClInclude>
    <ClInclude Include="BWAPI\Client.h">
      <Filter>BWAPI</Filter>
    </ClInclude>
    <ClInclude Include="BWAPI\Color.h">
      <Filter>BWAPI</Filter>
    </ClInclude>
    <ClInclude Include="BWAPI\ComparisonFilter.h">
      <Filter>BWAPI</Filter>
    </ClInclude>
    <ClInclude Include="BWAPI\Constants.h">
      <Filter>BWAPI</Filter>
    </ClInclude>
    <ClInclude Include="BWAPI\CoordinateType.h">
      <Filter>BWAPI</Filter>
    </ClInclude>
    <ClInclude Include="BWAPI\DamageType.h">
      <Filter>BWAPI</Filter>
    </ClInclude>
    <ClInclude Include="BWAPI\Error.h">
      <Filter>BWAPI</Filter>
    </ClInclude>
    <ClInclude Include="BWAPI\Event.h">
      <Filter>BWAPI</Filter>
    </ClInclude>
    <ClInclude Include="BWAPI\EventType.h">
      <Filter>BWAPI</Filter>
    </ClInclude>
    <ClInclude Include="BWAPI\ExplosionType.h">
      <Filter>BWAPI</Filter>
    </ClInclude>
    <ClInclude Include="BWAPI\Filters.h">
      <Filter>BWAPI</Filter>
    </ClInclude>
    <ClInclude Include="BWAPI\Flag.h">
      <Filter>BWAPI</Filter>
    </ClInclude>
    <ClInclude Include="BWAPI\Force.h">
      <Filter>BWAPI</Filter>
    </ClInclude>
    <ClInclude Include="BWAPI\Forceset.h">
      <Filter>BWAPI</Filter>
    </ClInclude>
    <ClInclude Include="BWAPI\Game.h">
      <Filter>BWAPI</Filter>
    </ClInclude>
    <ClInclude Include="BWAPI\GameType.h">
      <Filter>BWAPI</Filter>
    </ClInclude>
    <ClInclude Include="BWAPI\Input.h">
      <Filter>BWAPI</Filter>
    </ClInclude>
    <ClInclude Include="BWAPI\Interface.h">
      <Filter>BWAPI</Filter>
    </ClInclude>
    <ClInclude Include="BWAPI\InterfaceEvent.h">
      <Filter>BWAPI</Filter>
    </ClInclude>
    <ClInclude Include="BWAPI\Latency.h">
      <Filter>BWAPI</Filter>
    </ClInclude>
    <ClInclude Include="BWAPI\Order.h">
      <Filter>BWAPI</Filter>
    </ClInclude>
    <ClInclude Include="BWAPI\Player.h">
      <Filter>BWAPI</Filter>
    </ClInclude>
    <ClInclude Include="BWAPI\Playerset.h">
      <Filter>BWAPI</Filter>
    </ClInclude>
    <ClInclude Include="BWAPI\PlayerType.h">
      <Filter>BWAPI</Filter>
    </ClInclude>
    <ClInclude Include="BWAPI\Position.h">
      <Filter>BWAPI</Filter>
    </ClInclude>
    <ClInclude Include="BWAPI\Race.h">
      <Filter>BWAPI</Filter>
    </ClInclude>
    <ClInclude Include="BWAPI\Region.h">
      <Filter>BWAPI</Filter>
    </ClInclude>
    <ClInclude Include="BWAPI\Regionset.h">
      <Filter>BWAPI</Filter>
    </ClInclude>
    <ClInclude Include="BWAPI\SetContainer.h">
      <Filter>BWAPI</Filter>
    </ClInclude>
    <ClInclude Include="BWAPI\TechType.h">
      <Filter>BWAPI</Filter>
    </ClInclude>
    <ClInclude Include="BWAPI\TournamentAction.h">
      <Filter>BWAPI</Filter>
    </ClInclude>
    <ClInclude Include="BWAPI\Type.h">
      <Filter>BWAPI</Filter>
    </ClInclude>
    <ClInclude Include="BWAPI\UnaryFilter.h">
      <Filter>BWAPI</Filter>
    </ClInclude>
    <ClInclude Include="BWAPI\Unit.h">
      <Filter>BWAPI</Filter>
    </ClInclude>
    <ClInclude Include="BWAPI\UnitCommand.h">
      <Filter>BWAPI</Filter>
    </ClInclude>
    <ClInclude Include="BWAPI\UnitCommandType.h">
      <Filter>BWAPI</Filter>
    </ClInclude>
    <ClInclude Include="BWAPI\Unitset.h">
      <Filter>BWAPI</Filter>
    </ClInclude>
    <ClInclude Include="BWAPI\UnitSizeType.h">
      <Filter>BWAPI</Filter>
    </ClInclude>
    <ClInclude Include="BWAPI\UnitType.h">
      <Filter>BWAPI</Filter>
    </ClInclude>
    <ClInclude Include="BWAPI\UpgradeType.h">
      <Filter>BWAPI</Filter>
    </ClInclude>
    <ClInclude Include="BWAPI\WeaponType.h">
      <Filter>BWAPI</Filter>
    </ClInclude>
    <ClInclude Include="..\..\OpenBWAPI4JBridge\BWTA.h">
      <Filter>BWTA</Filter>
    </ClInclude>
    <ClInclude Include="BWAPI\Client\PlayerImpl.h">
      <Filter>BWAPI\Client</Filter>
    </ClInclude>
    <ClInclude Include="BWAPI\Client\PlayerData.h">
      <Filter>BWAPI\Client</Filter>
    </ClInclude>
    <ClInclude Include="BWAPI\Client\GameTable.h">
      <Filter>BWAPI\Client</Filter>
    </ClInclude>
    <ClInclude Include="BWAPI\Client\GameImpl.h">
      <Filter>BWAPI\Client</Filter>
    </ClInclude>
    <ClInclude Include="BWAPI\Client\GameData.h">
      <Filter>BWAPI\Client</Filter>
    </ClInclude>
    <ClInclude Include="BWAPI\Client\ForceImpl.h">
      <Filter>BWAPI\Client</Filter>
    </ClInclude>
    <ClInclude Include="BWAPI\Client\BulletData.h">
      <Filter>BWAPI\Client</Filter>
    </ClInclude>
    <ClInclude Include="BWAPI\Client\BulletImpl.h">
      <Filter>BWAPI\Client</Filter>
    </ClInclude>
    <ClInclude Include="BWAPI\Client\Client.h">
      <Filter>BWAPI\Client</Filter>
    </ClInclude>
    <ClInclude Include="BWAPI\Client\Command.h">
      <Filter>BWAPI\Client</Filter>
    </ClInclude>
    <ClInclude Include="BWAPI\Client\CommandType.h">
      <Filter>BWAPI\Client</Filter>
    </ClInclude>
    <ClInclude Include="BWAPI\Client\Event.h">
      <Filter>BWAPI\Client</Filter>
    </ClInclude>
    <ClInclude Include="BWAPI\Client\ForceData.h">
      <Filter>BWAPI\Client</Filter>
    </ClInclude>
    <ClInclude Include="BWAPI\Client\RegionData.h">
      <Filter>BWAPI\Client</Filter>
    </ClInclude>
    <ClInclude Include="BWAPI\Client\RegionImpl.h">
      <Filter>BWAPI\Client</Filter>
    </ClInclude>
    <ClInclude Include="BWAPI\Client\Shape.h">
      <Filter>BWAPI\Client</Filter>
    </ClInclude>
    <ClInclude Include="BWAPI\Client\ShapeType.h">
      <Filter>BWAPI\Client</Filter>
    </ClInclude>
    <ClInclude Include="BWAPI\Client\UnitCommand.h">
      <Filter>BWAPI\Client</Filter>
    </ClInclude>
    <ClInclude Include="BWAPI\Client\UnitData.h">
      <Filter>BWAPI\Client</Filter>
    </ClInclude>
    <ClInclude Include="BWAPI\Client\UnitImpl.h">
      <Filter>BWAPI\Client</Filter>
    </ClInclude>
    <ClInclude Include="..\..\OpenBWAPI4JBridge\BridgeEnum.h">
      <Filter>OpenBWAPI4JBridge</Filter>
    </ClInclude>
    <ClInclude Include="..\..\OpenBWAPI4JBridge\BridgeMap.h">
      <Filter>OpenBWAPI4JBridge</Filter>
    </ClInclude>
    <ClInclude Include="..\..\OpenBWAPI4JBridge\So.h">
      <Filter>OpenBWAPI4JBridge</Filter>
    </ClInclude>
  </ItemGroup>
  <ItemGroup>
    <ClCompile Include="..\..\OpenBWAPI4JBridge\BWTA.cpp">
      <Filter>BWTA</Filter>
    </ClCompile>
    <ClCompile Include="..\..\OpenBWAPI4JBridge\BridgeEnum.cpp">
      <Filter>OpenBWAPI4JBridge</Filter>
    </ClCompile>
    <ClCompile Include="..\..\OpenBWAPI4JBridge\BridgeMap.cpp">
      <Filter>OpenBWAPI4JBridge</Filter>
    </ClCompile>
    <ClCompile Include="..\..\OpenBWAPI4JBridge\DamageEvaluator.cpp">
      <Filter>OpenBWAPI4JBridge</Filter>
    </ClCompile>
    <ClCompile Include="..\..\OpenBWAPI4JBridge\InteractionHandler.cpp">
      <Filter>OpenBWAPI4JBridge</Filter>
    </ClCompile>
    <ClCompile Include="..\..\OpenBWAPI4JBridge\MapDrawer.cpp">
      <Filter>OpenBWAPI4JBridge</Filter>
    </ClCompile>
    <ClCompile Include="..\..\OpenBWAPI4JBridge\Unit.cpp">
      <Filter>OpenBWAPI4JBridge</Filter>
    </ClCompile>
    <ClCompile Include="dllmain.cpp">
      <Filter>BWAPI4JBridge</Filter>
    </ClCompile>
    <ClCompile Include="..\..\OpenBWAPI4JBridge\So.cpp">
      <Filter>OpenBWAPI4JBridge</Filter>
    </ClCompile>
  </ItemGroup>
  <ItemGroup>
    <Library Include="BWTA.lib" />
    <Library Include="BWAPI.lib" />
    <Library Include="BWAPIClient.lib" />
  </ItemGroup>
</Project>